
Microsoft Visual Studio Solution File, Format Version 12.00
# Visual Studio Version 17
VisualStudioVersion = 17.0.31912.275
MinimumVisualStudioVersion = 10.0.40219.1
Project("{FAE04EC0-301F-11D3-BF4B-00C04F79EFBC}") = "ApiGit02", "ApiGit02.csproj", "{C97ECB08-981A-42E9-92BF-41439781CE66}"
EndProject
Global
	GlobalSection(SolutionConfigurationPlatforms) = preSolution
		Debug|Any CPU = Debug|Any CPU
		Release|Any CPU = Release|Any CPU
	EndGlobalSection
	GlobalSection(ProjectConfigurationPlatforms) = postSolution
		{C97ECB08-981A-42E9-92BF-41439781CE66}.Debug|Any CPU.ActiveCfg = Debug|Any CPU
		{C97ECB08-981A-42E9-92BF-41439781CE66}.Debug|Any CPU.Build.0 = Debug|Any CPU
		{C97ECB08-981A-42E9-92BF-41439781CE66}.Release|Any CPU.ActiveCfg = Release|Any CPU
		{C97ECB08-981A-42E9-92BF-41439781CE66}.Release|Any CPU.Build.0 = Release|Any CPU
	EndGlobalSection
	GlobalSection(SolutionProperties) = preSolution
		HideSolutionNode = FALSE
	EndGlobalSection
	GlobalSection(ExtensibilityGlobals) = postSolution
		SolutionGuid = {9FE3BD32-EB88-4D7F-95CB-A45585AB1BBF}
	EndGlobalSection
EndGlobal
